// !$*UTF8*$!
{
	archiveVersion = 1;
	classes = {
	};
	objectVersion = 46;
	objects = {

/* Begin PBXBuildFile section */
		0EB68EA9B5AD6D94496553D2 /* Pods_AntiChatPolin911.framework in Frameworks */ = {isa = PBXBuildFile; fileRef = BB92E116ED304BE40F8E8C44 /* Pods_AntiChatPolin911.framework */; };
		36461D4A1F6D53DF009C2447 /* AppDelegate.swift in Sources */ = {isa = PBXBuildFile; fileRef = 36461D491F6D53DF009C2447 /* AppDelegate.swift */; };
		36461D4F1F6D53DF009C2447 /* Main.storyboard in Resources */ = {isa = PBXBuildFile; fileRef = 36461D4D1F6D53DF009C2447 /* Main.storyboard */; };
		36461D521F6D53DF009C2447 /* AntiChatPolin911.xcdatamodeld in Sources */ = {isa = PBXBuildFile; fileRef = 36461D501F6D53DF009C2447 /* AntiChatPolin911.xcdatamodeld */; };
		36461D541F6D53DF009C2447 /* Assets.xcassets in Resources */ = {isa = PBXBuildFile; fileRef = 36461D531F6D53DF009C2447 /* Assets.xcassets */; };
		36461D571F6D53DF009C2447 /* LaunchScreen.storyboard in Resources */ = {isa = PBXBuildFile; fileRef = 36461D551F6D53DF009C2447 /* LaunchScreen.storyboard */; };
		36461D601F6D550F009C2447 /* MainVC.swift in Sources */ = {isa = PBXBuildFile; fileRef = 36461D5F1F6D550F009C2447 /* MainVC.swift */; };
		36461D631F6D5563009C2447 /* ChatMessage.swift in Sources */ = {isa = PBXBuildFile; fileRef = 36461D621F6D5563009C2447 /* ChatMessage.swift */; };
		36461D661F6D57DD009C2447 /* ChatCell.swift in Sources */ = {isa = PBXBuildFile; fileRef = 36461D651F6D57DD009C2447 /* ChatCell.swift */; };
		36461D6A1F6E5F8C009C2447 /* PubNubConnection.swift in Sources */ = {isa = PBXBuildFile; fileRef = 36461D691F6E5F8C009C2447 /* PubNubConnection.swift */; };
		36461D701F6E7EB9009C2447 /* Global.swift in Sources */ = {isa = PBXBuildFile; fileRef = 36461D6F1F6E7EB9009C2447 /* Global.swift */; };
		36461D721F6E8D37009C2447 /* ChageUserCell.swift in Sources */ = {isa = PBXBuildFile; fileRef = 36461D711F6E8D37009C2447 /* ChageUserCell.swift */; };
		36461D741F6E99EF009C2447 /* PubTest.swift in Sources */ = {isa = PBXBuildFile; fileRef = 36461D731F6E99EF009C2447 /* PubTest.swift */; };
		36461D761F6EA2EC009C2447 /* PubNub.framework in Frameworks */ = {isa = PBXBuildFile; fileRef = 36461D751F6EA2EC009C2447 /* PubNub.framework */; };
		36461D7A1F7104E1009C2447 /* WelcomeVC.swift in Sources */ = {isa = PBXBuildFile; fileRef = 36461D791F7104E1009C2447 /* WelcomeVC.swift */; };
		36461D7C1F710983009C2447 /* imgCollectionCell.swift in Sources */ = {isa = PBXBuildFile; fileRef = 36461D7B1F710983009C2447 /* imgCollectionCell.swift */; };
		36461D7E1F710F7D009C2447 /* NameChatCell.swift in Sources */ = {isa = PBXBuildFile; fileRef = 36461D7D1F710F7D009C2447 /* NameChatCell.swift */; };
		36461D801F7149AD009C2447 /* UsersVC.swift in Sources */ = {isa = PBXBuildFile; fileRef = 36461D7F1F7149AD009C2447 /* UsersVC.swift */; };
		36461D821F714A1F009C2447 /* UsersCell.swift in Sources */ = {isa = PBXBuildFile; fileRef = 36461D811F714A1F009C2447 /* UsersCell.swift */; };
		36461D841F718476009C2447 /* Glow.swift in Sources */ = {isa = PBXBuildFile; fileRef = 36461D831F718476009C2447 /* Glow.swift */; };
/* End PBXBuildFile section */

/* Begin PBXFileReference section */
		36461D461F6D53DF009C2447 /* AntiChatPolin911.app */ = {isa = PBXFileReference; explicitFileType = wrapper.application; includeInIndex = 0; path = AntiChatPolin911.app; sourceTree = BUILT_PRODUCTS_DIR; };
		36461D491F6D53DF009C2447 /* AppDelegate.swift */ = {isa = PBXFileReference; lastKnownFileType = sourcecode.swift; path = AppDelegate.swift; sourceTree = "<group>"; };
		36461D4E1F6D53DF009C2447 /* Base */ = {isa = PBXFileReference; lastKnownFileType = file.storyboard; name = Base; path = Base.lproj/Main.storyboard; sourceTree = "<group>"; };
		36461D511F6D53DF009C2447 /* AntiChatPolin911.xcdatamodel */ = {isa = PBXFileReference; lastKnownFileType = wrapper.xcdatamodel; path = AntiChatPolin911.xcdatamodel; sourceTree = "<group>"; };
		36461D531F6D53DF009C2447 /* Assets.xcassets */ = {isa = PBXFileReference; lastKnownFileType = folder.assetcatalog; path = Assets.xcassets; sourceTree = "<group>"; };
		36461D561F6D53DF009C2447 /* Base */ = {isa = PBXFileReference; lastKnownFileType = file.storyboard; name = Base; path = Base.lproj/LaunchScreen.storyboard; sourceTree = "<group>"; };
		36461D581F6D53DF009C2447 /* Info.plist */ = {isa = PBXFileReference; lastKnownFileType = text.plist.xml; path = Info.plist; sourceTree = "<group>"; };
		36461D5F1F6D550F009C2447 /* MainVC.swift */ = {isa = PBXFileReference; fileEncoding = 4; lastKnownFileType = sourcecode.swift; path = MainVC.swift; sourceTree = "<group>"; };
		36461D621F6D5563009C2447 /* ChatMessage.swift */ = {isa = PBXFileReference; fileEncoding = 4; lastKnownFileType = sourcecode.swift; path = ChatMessage.swift; sourceTree = "<group>"; };
		36461D651F6D57DD009C2447 /* ChatCell.swift */ = {isa = PBXFileReference; fileEncoding = 4; lastKnownFileType = sourcecode.swift; path = ChatCell.swift; sourceTree = "<group>"; };
		36461D681F6D5B1C009C2447 /* PubChat.h */ = {isa = PBXFileReference; lastKnownFileType = sourcecode.c.h; path = PubChat.h; sourceTree = "<group>"; };
		36461D691F6E5F8C009C2447 /* PubNubConnection.swift */ = {isa = PBXFileReference; fileEncoding = 4; lastKnownFileType = sourcecode.swift; path = PubNubConnection.swift; sourceTree = "<group>"; };
		36461D6F1F6E7EB9009C2447 /* Global.swift */ = {isa = PBXFileReference; fileEncoding = 4; lastKnownFileType = sourcecode.swift; path = Global.swift; sourceTree = "<group>"; };
		36461D711F6E8D37009C2447 /* ChageUserCell.swift */ = {isa = PBXFileReference; fileEncoding = 4; lastKnownFileType = sourcecode.swift; path = ChageUserCell.swift; sourceTree = "<group>"; };
		36461D731F6E99EF009C2447 /* PubTest.swift */ = {isa = PBXFileReference; fileEncoding = 4; lastKnownFileType = sourcecode.swift; path = PubTest.swift; sourceTree = "<group>"; };
		36461D751F6EA2EC009C2447 /* PubNub.framework */ = {isa = PBXFileReference; lastKnownFileType = wrapper.framework; name = PubNub.framework; path = "../../../../../../Library/Developer/Xcode/DerivedData/AntiChatPolin911-chwiegihtoyfmiaicwzmlawmlgsh/Build/Products/Debug-iphonesimulator/PubNub/PubNub.framework"; sourceTree = "<group>"; };
		36461D791F7104E1009C2447 /* WelcomeVC.swift */ = {isa = PBXFileReference; fileEncoding = 4; lastKnownFileType = sourcecode.swift; path = WelcomeVC.swift; sourceTree = "<group>"; };
		36461D7B1F710983009C2447 /* imgCollectionCell.swift */ = {isa = PBXFileReference; fileEncoding = 4; lastKnownFileType = sourcecode.swift; path = imgCollectionCell.swift; sourceTree = "<group>"; };
		36461D7D1F710F7D009C2447 /* NameChatCell.swift */ = {isa = PBXFileReference; fileEncoding = 4; lastKnownFileType = sourcecode.swift; path = NameChatCell.swift; sourceTree = "<group>"; };
		36461D7F1F7149AD009C2447 /* UsersVC.swift */ = {isa = PBXFileReference; fileEncoding = 4; lastKnownFileType = sourcecode.swift; path = UsersVC.swift; sourceTree = "<group>"; };
		36461D811F714A1F009C2447 /* UsersCell.swift */ = {isa = PBXFileReference; fileEncoding = 4; lastKnownFileType = sourcecode.swift; path = UsersCell.swift; sourceTree = "<group>"; };
		36461D831F718476009C2447 /* Glow.swift */ = {isa = PBXFileReference; fileEncoding = 4; lastKnownFileType = sourcecode.swift; path = Glow.swift; sourceTree = "<group>"; };
		424DF90D537A4E1FB572D5E4 /* Pods-AntiChatPolin911.release.xcconfig */ = {isa = PBXFileReference; includeInIndex = 1; lastKnownFileType = text.xcconfig; name = "Pods-AntiChatPolin911.release.xcconfig"; path = "Pods/Target Support Files/Pods-AntiChatPolin911/Pods-AntiChatPolin911.release.xcconfig"; sourceTree = "<group>"; };
		BB92E116ED304BE40F8E8C44 /* Pods_AntiChatPolin911.framework */ = {isa = PBXFileReference; explicitFileType = wrapper.framework; includeInIndex = 0; path = Pods_AntiChatPolin911.framework; sourceTree = BUILT_PRODUCTS_DIR; };
		FAD59902E5ECB0D7ADB93030 /* Pods-AntiChatPolin911.debug.xcconfig */ = {isa = PBXFileReference; includeInIndex = 1; lastKnownFileType = text.xcconfig; name = "Pods-AntiChatPolin911.debug.xcconfig"; path = "Pods/Target Support Files/Pods-AntiChatPolin911/Pods-AntiChatPolin911.debug.xcconfig"; sourceTree = "<group>"; };
/* End PBXFileReference section */

/* Begin PBXFrameworksBuildPhase section */
		36461D431F6D53DF009C2447 /* Frameworks */ = {
			isa = PBXFrameworksBuildPhase;
			buildActionMask = 2147483647;
			files = (
				36461D761F6EA2EC009C2447 /* PubNub.framework in Frameworks */,
				0EB68EA9B5AD6D94496553D2 /* Pods_AntiChatPolin911.framework in Frameworks */,
			);
			runOnlyForDeploymentPostprocessing = 0;
		};
/* End PBXFrameworksBuildPhase section */

/* Begin PBXGroup section */
		36461D3D1F6D53DF009C2447 = {
			isa = PBXGroup;
			children = (
				36461D481F6D53DF009C2447 /* AntiChatPolin911 */,
				36461D471F6D53DF009C2447 /* Products */,
				95CF35EA8F9C5720D15E2B53 /* Pods */,
				589FC024779A2BECEB30D3BF /* Frameworks */,
			);
			sourceTree = "<group>";
		};
		36461D471F6D53DF009C2447 /* Products */ = {
			isa = PBXGroup;
			children = (
				36461D461F6D53DF009C2447 /* AntiChatPolin911.app */,
			);
			name = Products;
			sourceTree = "<group>";
		};
		36461D481F6D53DF009C2447 /* AntiChatPolin911 */ = {
			isa = PBXGroup;
			children = (
				36461D671F6D5AD3009C2447 /* Files */,
				36461D641F6D5794009C2447 /* Views */,
				36461D611F6D5536009C2447 /* Models */,
				36461D5E1F6D54E9009C2447 /* Controllers */,
				36461D491F6D53DF009C2447 /* AppDelegate.swift */,
				36461D4D1F6D53DF009C2447 /* Main.storyboard */,
				36461D531F6D53DF009C2447 /* Assets.xcassets */,
				36461D551F6D53DF009C2447 /* LaunchScreen.storyboard */,
				36461D581F6D53DF009C2447 /* Info.plist */,
				36461D501F6D53DF009C2447 /* AntiChatPolin911.xcdatamodeld */,
			);
			path = AntiChatPolin911;
			sourceTree = "<group>";
		};
		36461D5E1F6D54E9009C2447 /* Controllers */ = {
			isa = PBXGroup;
			children = (
				36461D5F1F6D550F009C2447 /* MainVC.swift */,
				36461D791F7104E1009C2447 /* WelcomeVC.swift */,
				36461D7F1F7149AD009C2447 /* UsersVC.swift */,
			);
			name = Controllers;
			sourceTree = "<group>";
		};
		36461D611F6D5536009C2447 /* Models */ = {
			isa = PBXGroup;
			children = (
				36461D621F6D5563009C2447 /* ChatMessage.swift */,
				36461D691F6E5F8C009C2447 /* PubNubConnection.swift */,
			);
			name = Models;
			sourceTree = "<group>";
		};
		36461D641F6D5794009C2447 /* Views */ = {
			isa = PBXGroup;
			children = (
				36461D651F6D57DD009C2447 /* ChatCell.swift */,
				36461D711F6E8D37009C2447 /* ChageUserCell.swift */,
				36461D7B1F710983009C2447 /* imgCollectionCell.swift */,
				36461D7D1F710F7D009C2447 /* NameChatCell.swift */,
				36461D811F714A1F009C2447 /* UsersCell.swift */,
			);
			name = Views;
			sourceTree = "<group>";
		};
		36461D671F6D5AD3009C2447 /* Files */ = {
			isa = PBXGroup;
			children = (
				36461D681F6D5B1C009C2447 /* PubChat.h */,
				36461D6F1F6E7EB9009C2447 /* Global.swift */,
				36461D731F6E99EF009C2447 /* PubTest.swift */,
				36461D831F718476009C2447 /* Glow.swift */,
			);
			name = Files;
			sourceTree = "<group>";
		};
		589FC024779A2BECEB30D3BF /* Frameworks */ = {
			isa = PBXGroup;
			children = (
				36461D751F6EA2EC009C2447 /* PubNub.framework */,
				BB92E116ED304BE40F8E8C44 /* Pods_AntiChatPolin911.framework */,
			);
			name = Frameworks;
			sourceTree = "<group>";
		};
		95CF35EA8F9C5720D15E2B53 /* Pods */ = {
			isa = PBXGroup;
			children = (
				FAD59902E5ECB0D7ADB93030 /* Pods-AntiChatPolin911.debug.xcconfig */,
				424DF90D537A4E1FB572D5E4 /* Pods-AntiChatPolin911.release.xcconfig */,
			);
			name = Pods;
			sourceTree = "<group>";
		};
/* End PBXGroup section */

/* Begin PBXNativeTarget section */
		36461D451F6D53DF009C2447 /* AntiChatPolin911 */ = {
			isa = PBXNativeTarget;
			buildConfigurationList = 36461D5B1F6D53DF009C2447 /* Build configuration list for PBXNativeTarget "AntiChatPolin911" */;
			buildPhases = (
				9E3ADC54D959448F45C773F4 /* [CP] Check Pods Manifest.lock */,
				36461D421F6D53DF009C2447 /* Sources */,
				36461D431F6D53DF009C2447 /* Frameworks */,
				36461D441F6D53DF009C2447 /* Resources */,
				1FF78AF954F979404BCD4E09 /* [CP] Embed Pods Frameworks */,
				A607DD1128784FB480165CA1 /* [CP] Copy Pods Resources */,
			);
			buildRules = (
			);
			dependencies = (
			);
			name = AntiChatPolin911;
			productName = AntiChatPolin911;
			productReference = 36461D461F6D53DF009C2447 /* AntiChatPolin911.app */;
			productType = "com.apple.product-type.application";
		};
/* End PBXNativeTarget section */

/* Begin PBXProject section */
		36461D3E1F6D53DF009C2447 /* Project object */ = {
			isa = PBXProject;
			attributes = {
				LastSwiftUpdateCheck = 0830;
				LastUpgradeCheck = 0830;
				ORGANIZATIONNAME = Polina;
				TargetAttributes = {
					36461D451F6D53DF009C2447 = {
						CreatedOnToolsVersion = 8.3;
						DevelopmentTeam = CBVCE8QCE8;
						ProvisioningStyle = Automatic;
					};
				};
			};
			buildConfigurationList = 36461D411F6D53DF009C2447 /* Build configuration list for PBXProject "AntiChatPolin911" */;
			compatibilityVersion = "Xcode 3.2";
			developmentRegion = English;
			hasScannedForEncodings = 0;
			knownRegions = (
				en,
				Base,
			);
			mainGroup = 36461D3D1F6D53DF009C2447;
			productRefGroup = 36461D471F6D53DF009C2447 /* Products */;
			projectDirPath = "";
			projectRoot = "";
			targets = (
				36461D451F6D53DF009C2447 /* AntiChatPolin911 */,
			);
		};
/* End PBXProject section */

/* Begin PBXResourcesBuildPhase section */
		36461D441F6D53DF009C2447 /* Resources */ = {
			isa = PBXResourcesBuildPhase;
			buildActionMask = 2147483647;
			files = (
				36461D571F6D53DF009C2447 /* LaunchScreen.storyboard in Resources */,
				36461D541F6D53DF009C2447 /* Assets.xcassets in Resources */,
				36461D4F1F6D53DF009C2447 /* Main.storyboard in Resources */,
			);
			runOnlyForDeploymentPostprocessing = 0;
		};
/* End PBXResourcesBuildPhase section */

/* Begin PBXShellScriptBuildPhase section */
		1FF78AF954F979404BCD4E09 /* [CP] Embed Pods Frameworks */ = {
			isa = PBXShellScriptBuildPhase;
			buildActionMask = 2147483647;
			files = (
			);
			inputPaths = (
			);
			name = "[CP] Embed Pods Frameworks";
			outputPaths = (
			);
			runOnlyForDeploymentPostprocessing = 0;
			shellPath = /bin/sh;
			shellScript = "\"${SRCROOT}/Pods/Target Support Files/Pods-AntiChatPolin911/Pods-AntiChatPolin911-frameworks.sh\"\n";
			showEnvVarsInLog = 0;
		};
		9E3ADC54D959448F45C773F4 /* [CP] Check Pods Manifest.lock */ = {
			isa = PBXShellScriptBuildPhase;
			buildActionMask = 2147483647;
			files = (
			);
			inputPaths = (
			);
			name = "[CP] Check Pods Manifest.lock";
			outputPaths = (
			);
			runOnlyForDeploymentPostprocessing = 0;
			shellPath = /bin/sh;
			shellScript = "diff \"${PODS_ROOT}/../Podfile.lock\" \"${PODS_ROOT}/Manifest.lock\" > /dev/null\nif [ $? != 0 ] ; then\n    # print error to STDERR\n    echo \"error: The sandbox is not in sync with the Podfile.lock. Run 'pod install' or update your CocoaPods installation.\" >&2\n    exit 1\nfi\n";
			showEnvVarsInLog = 0;
		};
		A607DD1128784FB480165CA1 /* [CP] Copy Pods Resources */ = {
			isa = PBXShellScriptBuildPhase;
			buildActionMask = 2147483647;
			files = (
			);
			inputPaths = (
			);
			name = "[CP] Copy Pods Resources";
			outputPaths = (
			);
			runOnlyForDeploymentPostprocessing = 0;
			shellPath = /bin/sh;
			shellScript = "\"${SRCROOT}/Pods/Target Support Files/Pods-AntiChatPolin911/Pods-AntiChatPolin911-resources.sh\"\n";
			showEnvVarsInLog = 0;
		};
/* End PBXShellScriptBuildPhase section */

/* Begin PBXSourcesBuildPhase section */
		36461D421F6D53DF009C2447 /* Sources */ = {
			isa = PBXSourcesBuildPhase;
			buildActionMask = 2147483647;
			files = (
				36461D521F6D53DF009C2447 /* AntiChatPolin911.xcdatamodeld in Sources */,
				36461D631F6D5563009C2447 /* ChatMessage.swift in Sources */,
				36461D741F6E99EF009C2447 /* PubTest.swift in Sources */,
				36461D7A1F7104E1009C2447 /* WelcomeVC.swift in Sources */,
				36461D7C1F710983009C2447 /* imgCollectionCell.swift in Sources */,
				36461D801F7149AD009C2447 /* UsersVC.swift in Sources */,
				36461D601F6D550F009C2447 /* MainVC.swift in Sources */,
				36461D661F6D57DD009C2447 /* ChatCell.swift in Sources */,
				36461D4A1F6D53DF009C2447 /* AppDelegate.swift in Sources */,
				36461D7E1F710F7D009C2447 /* NameChatCell.swift in Sources */,
				36461D721F6E8D37009C2447 /* ChageUserCell.swift in Sources */,
				36461D821F714A1F009C2447 /* UsersCell.swift in Sources */,
				36461D6A1F6E5F8C009C2447 /* PubNubConnection.swift in Sources */,
				36461D841F718476009C2447 /* Glow.swift in Sources */,
				36461D701F6E7EB9009C2447 /* Global.swift in Sources */,
			);
			runOnlyForDeploymentPostprocessing = 0;
		};
/* End PBXSourcesBuildPhase section */

/* Begin PBXVariantGroup section */
		36461D4D1F6D53DF009C2447 /* Main.storyboard */ = {
			isa = PBXVariantGroup;
			children = (
				36461D4E1F6D53DF009C2447 /* Base */,
			);
			name = Main.storyboard;
			sourceTree = "<group>";
		};
		36461D551F6D53DF009C2447 /* LaunchScreen.storyboard */ = {
			isa = PBXVariantGroup;
			children = (
				36461D561F6D53DF009C2447 /* Base */,
			);
			name = LaunchScreen.storyboard;
			sourceTree = "<group>";
		};
/* End PBXVariantGroup section */

/* Begin XCBuildConfiguration section */
		36461D591F6D53DF009C2447 /* Debug */ = {
			isa = XCBuildConfiguration;
			buildSettings = {
				ALWAYS_SEARCH_USER_PATHS = NO;
				CLANG_ANALYZER_NONNULL = YES;
				CLANG_ANALYZER_NUMBER_OBJECT_CONVERSION = YES_AGGRESSIVE;
				CLANG_CXX_LANGUAGE_STANDARD = "gnu++0x";
				CLANG_CXX_LIBRARY = "libc++";
				CLANG_ENABLE_MODULES = YES;
				CLANG_ENABLE_OBJC_ARC = YES;
				CLANG_WARN_BOOL_CONVERSION = YES;
				CLANG_WARN_CONSTANT_CONVERSION = YES;
				CLANG_WARN_DIRECT_OBJC_ISA_USAGE = YES_ERROR;
				CLANG_WARN_DOCUMENTATION_COMMENTS = YES;
				CLANG_WARN_EMPTY_BODY = YES;
				CLANG_WARN_ENUM_CONVERSION = YES;
				CLANG_WARN_INFINITE_RECURSION = YES;
				CLANG_WARN_INT_CONVERSION = YES;
				CLANG_WARN_OBJC_ROOT_CLASS = YES_ERROR;
				CLANG_WARN_SUSPICIOUS_MOVE = YES;
				CLANG_WARN_UNREACHABLE_CODE = YES;
				CLANG_WARN__DUPLICATE_METHOD_MATCH = YES;
				"CODE_SIGN_IDENTITY[sdk=iphoneos*]" = "iPhone Developer";
				COPY_PHASE_STRIP = NO;
				DEBUG_INFORMATION_FORMAT = dwarf;
				ENABLE_STRICT_OBJC_MSGSEND = YES;
				ENABLE_TESTABILITY = YES;
				GCC_C_LANGUAGE_STANDARD = gnu99;
				GCC_DYNAMIC_NO_PIC = NO;
				GCC_NO_COMMON_BLOCKS = YES;
				GCC_OPTIMIZATION_LEVEL = 0;
				GCC_PREPROCESSOR_DEFINITIONS = (
					"DEBUG=1",
					"$(inherited)",
				);
				GCC_WARN_64_TO_32_BIT_CONVERSION = YES;
				GCC_WARN_ABOUT_RETURN_TYPE = YES_ERROR;
				GCC_WARN_UNDECLARED_SELECTOR = YES;
				GCC_WARN_UNINITIALIZED_AUTOS = YES_AGGRESSIVE;
				GCC_WARN_UNUSED_FUNCTION = YES;
				GCC_WARN_UNUSED_VARIABLE = YES;
				IPHONEOS_DEPLOYMENT_TARGET = 10.3;
				MTL_ENABLE_DEBUG_INFO = YES;
				ONLY_ACTIVE_ARCH = YES;
				SDKROOT = iphoneos;
				SWIFT_ACTIVE_COMPILATION_CONDITIONS = DEBUG;
				SWIFT_OPTIMIZATION_LEVEL = "-Onone";
				TARGETED_DEVICE_FAMILY = "1,2";
			};
			name = Debug;
		};
		36461D5A1F6D53DF009C2447 /* Release */ = {
			isa = XCBuildConfiguration;
			buildSettings = {
				ALWAYS_SEARCH_USER_PATHS = NO;
				CLANG_ANALYZER_NONNULL = YES;
				CLANG_ANALYZER_NUMBER_OBJECT_CONVERSION = YES_AGGRESSIVE;
				CLANG_CXX_LANGUAGE_STANDARD = "gnu++0x";
				CLANG_CXX_LIBRARY = "libc++";
				CLANG_ENABLE_MODULES = YES;
				CLANG_ENABLE_OBJC_ARC = YES;
				CLANG_WARN_BOOL_CONVERSION = YES;
				CLANG_WARN_CONSTANT_CONVERSION = YES;
				CLANG_WARN_DIRECT_OBJC_ISA_USAGE = YES_ERROR;
				CLANG_WARN_DOCUMENTATION_COMMENTS = YES;
				CLANG_WARN_EMPTY_BODY = YES;
				CLANG_WARN_ENUM_CONVERSION = YES;
				CLANG_WARN_INFINITE_RECURSION = YES;
				CLANG_WARN_INT_CONVERSION = YES;
				CLANG_WARN_OBJC_ROOT_CLASS = YES_ERROR;
				CLANG_WARN_SUSPICIOUS_MOVE = YES;
				CLANG_WARN_UNREACHABLE_CODE = YES;
				CLANG_WARN__DUPLICATE_METHOD_MATCH = YES;
				"CODE_SIGN_IDENTITY[sdk=iphoneos*]" = "iPhone Developer";
				COPY_PHASE_STRIP = NO;
				DEBUG_INFORMATION_FORMAT = "dwarf-with-dsym";
				ENABLE_NS_ASSERTIONS = NO;
				ENABLE_STRICT_OBJC_MSGSEND = YES;
				GCC_C_LANGUAGE_STANDARD = gnu99;
				GCC_NO_COMMON_BLOCKS = YES;
				GCC_WARN_64_TO_32_BIT_CONVERSION = YES;
				GCC_WARN_ABOUT_RETURN_TYPE = YES_ERROR;
				GCC_WARN_UNDECLARED_SELECTOR = YES;
				GCC_WARN_UNINITIALIZED_AUTOS = YES_AGGRESSIVE;
				GCC_WARN_UNUSED_FUNCTION = YES;
				GCC_WARN_UNUSED_VARIABLE = YES;
				IPHONEOS_DEPLOYMENT_TARGET = 10.3;
				MTL_ENABLE_DEBUG_INFO = NO;
				SDKROOT = iphoneos;
				SWIFT_OPTIMIZATION_LEVEL = "-Owholemodule";
				TARGETED_DEVICE_FAMILY = "1,2";
				VALIDATE_PRODUCT = YES;
			};
			name = Release;
		};
		36461D5C1F6D53DF009C2447 /* Debug */ = {
			isa = XCBuildConfiguration;
			baseConfigurationReference = FAD59902E5ECB0D7ADB93030 /* Pods-AntiChatPolin911.debug.xcconfig */;
			buildSettings = {
				ASSETCATALOG_COMPILER_APPICON_NAME = AppIcon;
				DEVELOPMENT_TEAM = CBVCE8QCE8;
				INFOPLIST_FILE = AntiChatPolin911/Info.plist;
				LD_RUNPATH_SEARCH_PATHS = "$(inherited) @executable_path/Frameworks";
				PRODUCT_BUNDLE_IDENTIFIER = polin911.AntiChatPolin911;
				PRODUCT_NAME = "$(TARGET_NAME)";
				SWIFT_VERSION = 3.0;
			};
			name = Debug;
		};
		36461D5D1F6D53DF009C2447 /* Release */ = {
			isa = XCBuildConfiguration;
			baseConfigurationReference = 424DF90D537A4E1FB572D5E4 /* Pods-AntiChatPolin911.release.xcconfig */;
			buildSettings = {
				ASSETCATALOG_COMPILER_APPICON_NAME = AppIcon;
				DEVELOPMENT_TEAM = CBVCE8QCE8;
				INFOPLIST_FILE = AntiChatPolin911/Info.plist;
				LD_RUNPATH_SEARCH_PATHS = "$(inherited) @executable_path/Frameworks";
				PRODUCT_BUNDLE_IDENTIFIER = polin911.AntiChatPolin911;
				PRODUCT_NAME = "$(TARGET_NAME)";
				SWIFT_VERSION = 3.0;
			};
			name = Release;
		};
/* End XCBuildConfiguration section */

/* Begin XCConfigurationList section */
		36461D411F6D53DF009C2447 /* Build configuration list for PBXProject "AntiChatPolin911" */ = {
			isa = XCConfigurationList;
			buildConfigurations = (
				36461D591F6D53DF009C2447 /* Debug */,
				36461D5A1F6D53DF009C2447 /* Release */,
			);
			defaultConfigurationIsVisible = 0;
			defaultConfigurationName = Release;
		};
		36461D5B1F6D53DF009C2447 /* Build configuration list for PBXNativeTarget "AntiChatPolin911" */ = {
			isa = XCConfigurationList;
			buildConfigurations = (
				36461D5C1F6D53DF009C2447 /* Debug */,
				36461D5D1F6D53DF009C2447 /* Release */,
			);
			defaultConfigurationIsVisible = 0;
			defaultConfigurationName = Release;
		};
/* End XCConfigurationList section */

/* Begin XCVersionGroup section */
		36461D501F6D53DF009C2447 /* AntiChatPolin911.xcdatamodeld */ = {
			isa = XCVersionGroup;
			children = (
				36461D511F6D53DF009C2447 /* AntiChatPolin911.xcdatamodel */,
			);
			currentVersion = 36461D511F6D53DF009C2447 /* AntiChatPolin911.xcdatamodel */;
			path = AntiChatPolin911.xcdatamodeld;
			sourceTree = "<group>";
			versionGroupType = wrapper.xcdatamodel;
		};
/* End XCVersionGroup section */
	};
	rootObject = 36461D3E1F6D53DF009C2447 /* Project object */;
}
